
Microsoft Visual Studio Solution File, Format Version 12.00
# Visual Studio Version 16
VisualStudioVersion = 16.0.30406.217
MinimumVisualStudioVersion = 10.0.40219.1
Project("{2150E333-8FDC-42A3-9474-1A3956D46DE8}") = "src", "src", "{337E5309-C0BC-477C-A42C-A2CEF1CDD643}"
EndProject
Project("{FAE04EC0-301F-11D3-BF4B-00C04F79EFBC}") = "Application", "src\Application\Application.csproj", "{2C56506E-EA56-4EF7-A6B0-0F1BA79BC03C}"
EndProject
Project("{FAE04EC0-301F-11D3-BF4B-00C04F79EFBC}") = "Domain", "src\Domain\Domain.csproj", "{3DF0078E-0635-44A0-ABEA-BE6AE00C39AB}"
EndProject
Project("{FAE04EC0-301F-11D3-BF4B-00C04F79EFBC}") = "Infrastructure", "src\Infrastructure\Infrastructure.csproj", "{E110C3EB-0B00-49F2-BC08-16261233F492}"
EndProject
Project("{FAE04EC0-301F-11D3-BF4B-00C04F79EFBC}") = "WebUI", "src\WebUI\WebUI.csproj", "{F5DBB51B-E1E7-432A-BA74-D69E23F78FAC}"
EndProject
Global
	GlobalSection(SolutionProperties) = preSolution
		HideSolutionNode = FALSE
	EndGlobalSection
	GlobalSection(ExtensibilityGlobals) = postSolution
		SolutionGuid = {DF465E12-103F-4539-911C-7DB6C3E33112}
	EndGlobalSection
	GlobalSection(SolutionConfigurationPlatforms) = preSolution
		Debug|Any CPU = Debug|Any CPU
		Debug|x64 = Debug|x64
		Debug|x86 = Debug|x86
		Release|Any CPU = Release|Any CPU
		Release|x64 = Release|x64
		Release|x86 = Release|x86
	EndGlobalSection
	GlobalSection(ProjectConfigurationPlatforms) = postSolution
		{2C56506E-EA56-4EF7-A6B0-0F1BA79BC03C}.Debug|Any CPU.ActiveCfg = Debug|Any CPU
		{2C56506E-EA56-4EF7-A6B0-0F1BA79BC03C}.Debug|Any CPU.Build.0 = Debug|Any CPU
		{2C56506E-EA56-4EF7-A6B0-0F1BA79BC03C}.Debug|x64.ActiveCfg = Debug|Any CPU
		{2C56506E-EA56-4EF7-A6B0-0F1BA79BC03C}.Debug|x64.Build.0 = Debug|Any CPU
		{2C56506E-EA56-4EF7-A6B0-0F1BA79BC03C}.Debug|x86.ActiveCfg = Debug|Any CPU
		{2C56506E-EA56-4EF7-A6B0-0F1BA79BC03C}.Debug|x86.Build.0 = Debug|Any CPU
		{2C56506E-EA56-4EF7-A6B0-0F1BA79BC03C}.Release|Any CPU.ActiveCfg = Release|Any CPU
		{2C56506E-EA56-4EF7-A6B0-0F1BA79BC03C}.Release|Any CPU.Build.0 = Release|Any CPU
		{2C56506E-EA56-4EF7-A6B0-0F1BA79BC03C}.Release|x64.ActiveCfg = Release|Any CPU
		{2C56506E-EA56-4EF7-A6B0-0F1BA79BC03C}.Release|x64.Build.0 = Release|Any CPU
		{2C56506E-EA56-4EF7-A6B0-0F1BA79BC03C}.Release|x86.ActiveCfg = Release|Any CPU
		{2C56506E-EA56-4EF7-A6B0-0F1BA79BC03C}.Release|x86.Build.0 = Release|Any CPU
		{3DF0078E-0635-44A0-ABEA-BE6AE00C39AB}.Debug|Any CPU.ActiveCfg = Debug|Any CPU
		{3DF0078E-0635-44A0-ABEA-BE6AE00C39AB}.Debug|Any CPU.Build.0 = Debug|Any CPU
		{3DF0078E-0635-44A0-ABEA-BE6AE00C39AB}.Debug|x64.ActiveCfg = Debug|Any CPU
		{3DF0078E-0635-44A0-ABEA-BE6AE00C39AB}.Debug|x64.Build.0 = Debug|Any CPU
		{3DF0078E-0635-44A0-ABEA-BE6AE00C39AB}.Debug|x86.ActiveCfg = Debug|Any CPU
		{3DF0078E-0635-44A0-ABEA-BE6AE00C39AB}.Debug|x86.Build.0 = Debug|Any CPU
		{3DF0078E-0635-44A0-ABEA-BE6AE00C39AB}.Release|Any CPU.ActiveCfg = Release|Any CPU
		{3DF0078E-0635-44A0-ABEA-BE6AE00C39AB}.Release|Any CPU.Build.0 = Release|Any CPU
		{3DF0078E-0635-44A0-ABEA-BE6AE00C39AB}.Release|x64.ActiveCfg = Release|Any CPU
		{3DF0078E-0635-44A0-ABEA-BE6AE00C39AB}.Release|x64.Build.0 = Release|Any CPU
		{3DF0078E-0635-44A0-ABEA-BE6AE00C39AB}.Release|x86.ActiveCfg = Release|Any CPU
		{3DF0078E-0635-44A0-ABEA-BE6AE00C39AB}.Release|x86.Build.0 = Release|Any CPU
		{E110C3EB-0B00-49F2-BC08-16261233F492}.Debug|Any CPU.ActiveCfg = Debug|Any CPU
		{E110C3EB-0B00-49F2-BC08-16261233F492}.Debug|Any CPU.Build.0 = Debug|Any CPU
		{E110C3EB-0B00-49F2-BC08-16261233F492}.Debug|x64.ActiveCfg = Debug|Any CPU
		{E110C3EB-0B00-49F2-BC08-16261233F492}.Debug|x64.Build.0 = Debug|Any CPU
		{E110C3EB-0B00-49F2-BC08-16261233F492}.Debug|x86.ActiveCfg = Debug|Any CPU
		{E110C3EB-0B00-49F2-BC08-16261233F492}.Debug|x86.Build.0 = Debug|Any CPU
		{E110C3EB-0B00-49F2-BC08-16261233F492}.Release|Any CPU.ActiveCfg = Release|Any CPU
		{E110C3EB-0B00-49F2-BC08-16261233F492}.Release|Any CPU.Build.0 = Release|Any CPU
		{E110C3EB-0B00-49F2-BC08-16261233F492}.Release|x64.ActiveCfg = Release|Any CPU
		{E110C3EB-0B00-49F2-BC08-16261233F492}.Release|x64.Build.0 = Release|Any CPU
		{E110C3EB-0B00-49F2-BC08-16261233F492}.Release|x86.ActiveCfg = Release|Any CPU
		{E110C3EB-0B00-49F2-BC08-16261233F492}.Release|x86.Build.0 = Release|Any CPU
		{F5DBB51B-E1E7-432A-BA74-D69E23F78FAC}.Debug|Any CPU.ActiveCfg = Debug|Any CPU
		{F5DBB51B-E1E7-432A-BA74-D69E23F78FAC}.Debug|Any CPU.Build.0 = Debug|Any CPU
		{F5DBB51B-E1E7-432A-BA74-D69E23F78FAC}.Debug|x64.ActiveCfg = Debug|Any CPU
		{F5DBB51B-E1E7-432A-BA74-D69E23F78FAC}.Debug|x64.Build.0 = Debug|Any CPU
		{F5DBB51B-E1E7-432A-BA74-D69E23F78FAC}.Debug|x86.ActiveCfg = Debug|Any CPU
		{F5DBB51B-E1E7-432A-BA74-D69E23F78FAC}.Debug|x86.Build.0 = Debug|Any CPU
		{F5DBB51B-E1E7-432A-BA74-D69E23F78FAC}.Release|Any CPU.ActiveCfg = Release|Any CPU
		{F5DBB51B-E1E7-432A-BA74-D69E23F78FAC}.Release|Any CPU.Build.0 = Release|Any CPU
		{F5DBB51B-E1E7-432A-BA74-D69E23F78FAC}.Release|x64.ActiveCfg = Release|Any CPU
		{F5DBB51B-E1E7-432A-BA74-D69E23F78FAC}.Release|x64.Build.0 = Release|Any CPU
		{F5DBB51B-E1E7-432A-BA74-D69E23F78FAC}.Release|x86.ActiveCfg = Release|Any CPU
		{F5DBB51B-E1E7-432A-BA74-D69E23F78FAC}.Release|x86.Build.0 = Release|Any CPU
	EndGlobalSection
	GlobalSection(NestedProjects) = preSolution
		{2C56506E-EA56-4EF7-A6B0-0F1BA79BC03C} = {337E5309-C0BC-477C-A42C-A2CEF1CDD643}
		{3DF0078E-0635-44A0-ABEA-BE6AE00C39AB} = {337E5309-C0BC-477C-A42C-A2CEF1CDD643}
		{E110C3EB-0B00-49F2-BC08-16261233F492} = {337E5309-C0BC-477C-A42C-A2CEF1CDD643}
		{F5DBB51B-E1E7-432A-BA74-D69E23F78FAC} = {337E5309-C0BC-477C-A42C-A2CEF1CDD643}
	EndGlobalSection
EndGlobal
